
Microsoft Visual Studio Solution File, Format Version 12.00
# Visual Studio Version 16
VisualStudioVersion = 16.0.31129.286
MinimumVisualStudioVersion = 10.0.40219.1
Project("{9A19103F-16F7-4668-BE54-9A1E7A4F7556}") = "Vesovaya", "Vesovaya\Vesovaya.csproj", "{BDBB4804-CBCB-4D80-8BE5-AB07E0FB74DB}"
EndProject
Project("{9A19103F-16F7-4668-BE54-9A1E7A4F7556}") = "MyIdentity", "..\..\Консоль\MyIdentity\MyIdentity\MyIdentity.csproj", "{890D7A6A-C687-4A18-8E0F-9BBB408C105A}"
EndProject
Global
	GlobalSection(SolutionConfigurationPlatforms) = preSolution
		Debug|Any CPU = Debug|Any CPU
		Release|Any CPU = Release|Any CPU
	EndGlobalSection
	GlobalSection(ProjectConfigurationPlatforms) = postSolution
		{BDBB4804-CBCB-4D80-8BE5-AB07E0FB74DB}.Debug|Any CPU.ActiveCfg = Debug|Any CPU
		{BDBB4804-CBCB-4D80-8BE5-AB07E0FB74DB}.Debug|Any CPU.Build.0 = Debug|Any CPU
		{BDBB4804-CBCB-4D80-8BE5-AB07E0FB74DB}.Release|Any CPU.ActiveCfg = Release|Any CPU
		{BDBB4804-CBCB-4D80-8BE5-AB07E0FB74DB}.Release|Any CPU.Build.0 = Release|Any CPU
		{890D7A6A-C687-4A18-8E0F-9BBB408C105A}.Debug|Any CPU.ActiveCfg = Debug|Any CPU
		{890D7A6A-C687-4A18-8E0F-9BBB408C105A}.Debug|Any CPU.Build.0 = Debug|Any CPU
		{890D7A6A-C687-4A18-8E0F-9BBB408C105A}.Release|Any CPU.ActiveCfg = Release|Any CPU
		{890D7A6A-C687-4A18-8E0F-9BBB408C105A}.Release|Any CPU.Build.0 = Release|Any CPU
	EndGlobalSection
	GlobalSection(SolutionProperties) = preSolution
		HideSolutionNode = FALSE
	EndGlobalSection
	GlobalSection(ExtensibilityGlobals) = postSolution
		SolutionGuid = {E2CA759D-7687-4F36-8EA3-18B779D23927}
	EndGlobalSection
EndGlobal
